
Microsoft Visual Studio Solution File, Format Version 11.00
# Visual Studio 2010
Project("{FAE04EC0-301F-11D3-BF4B-00C04F79EFBC}") = "WebSite", "WebSite\WebSite.csproj", "{5012F26F-A382-4E60-96B0-711864DEA43C}"
EndProject
Project("{FAE04EC0-301F-11D3-BF4B-00C04F79EFBC}") = "AcceptanceTests", "AcceptanceTests\AcceptanceTests.csproj", "{91070E26-B5E3-4F4C-9510-4F13486345DD}"
EndProject
Global
	GlobalSection(SolutionConfigurationPlatforms) = preSolution
		Debug|Any CPU = Debug|Any CPU
		Release|Any CPU = Release|Any CPU
	EndGlobalSection
	GlobalSection(ProjectConfigurationPlatforms) = postSolution
		{5012F26F-A382-4E60-96B0-711864DEA43C}.Debug|Any CPU.ActiveCfg = Debug|Any CPU
		{5012F26F-A382-4E60-96B0-711864DEA43C}.Debug|Any CPU.Build.0 = Debug|Any CPU
		{5012F26F-A382-4E60-96B0-711864DEA43C}.Release|Any CPU.ActiveCfg = Release|Any CPU
		{5012F26F-A382-4E60-96B0-711864DEA43C}.Release|Any CPU.Build.0 = Release|Any CPU
		{91070E26-B5E3-4F4C-9510-4F13486345DD}.Debug|Any CPU.ActiveCfg = Debug|Any CPU
		{91070E26-B5E3-4F4C-9510-4F13486345DD}.Debug|Any CPU.Build.0 = Debug|Any CPU
		{91070E26-B5E3-4F4C-9510-4F13486345DD}.Release|Any CPU.ActiveCfg = Release|Any CPU
		{91070E26-B5E3-4F4C-9510-4F13486345DD}.Release|Any CPU.Build.0 = Release|Any CPU
	EndGlobalSection
	GlobalSection(SolutionProperties) = preSolution
		HideSolutionNode = FALSE
	EndGlobalSection
EndGlobal
